{
  "version": 4,
  "terraform_version": "1.2.2",
  "serial": 592,
  "lineage": "a6f61f1a-3e36-049b-be9f-51b0a115f961",
  "outputs": {},
  "resources": [
    {
      "mode": "managed",
      "type": "yandex_compute_instance",
      "name": "vm-1",
      "provider": "provider[\"registry.terraform.io/yandex-cloud/yandex\"]",
      "instances": [
        {
          "schema_version": 1,
          "attributes": {
            "allow_recreate": null,
            "allow_stopping_for_update": null,
            "boot_disk": [
              {
                "auto_delete": true,
                "device_name": "fhmbd182suf9j57o5vdc",
                "disk_id": "fhmbd182suf9j57o5vdc",
                "initialize_params": [
                  {
                    "block_size": 4096,
                    "description": "",
                    "image_id": "fd81d2d9ifd50gmvc03g",
                    "name": "",
                    "size": 5,
                    "snapshot_id": "",
                    "type": "network-hdd"
                  }
                ],
                "mode": "READ_WRITE"
              }
            ],
            "created_at": "2022-07-10T02:53:33Z",
            "description": "",
            "folder_id": "b1gdhtt160mqltnn39nu",
            "fqdn": "fhmk0al93q09pkna8n5r.auto.internal",
            "hostname": "fhmk0al93q09pkna8n5r",
            "id": "fhmk0al93q09pkna8n5r",
            "labels": null,
            "local_disk": [],
            "metadata": {
              "ssh-keys": "ubuntu:ssh-rsa AAAAB3NzaC1yc2EAAAADAQABAAABgQC/FUOU+m4iae8M0fyOWW/53ziQxpwGEb5LHTGhqlwTQgKvrtM7DmCbVIYFwRAZQuLLYslCe70kZe3aVKe4NsyqSrOwG30LeGjQBADqv8k0nu95oqoHRLXzvvFxyfmv8GJ1K14kibJm+4Pu2FXi+lDY3T9PpPtqolI6XZ7g9Lyuvo4qaBbydtiMlZHvJsVkv6bM+ekeFqSrDD/vSFYyFit5kFo8opg/AvJ7zHBc88fJ5GN8r29PMw35LiiU016R9YHo4+WNQIP53FZwLVGVtmY7PEXdaDo6TWd2qNlOri9kX6F+w14qkT7cadpTS0qL0i283siwXoybJiiVm7WgO+9Sm0wcpLs6mgBxJmNP9fy0hlRsf+K+MaCKQoPVKLrqNYg/EVJcyuGuctgK2g7ZPxsxPUV2tn8dRmgvU8YHh3BDop5V3I9hMATCYaVgycHlMnFpBeXgxofWdJr46KFbp8+yKrdR0kIeP3I/3C873uY4V55TvkXjwsR1BhM3/I44dcc= root@TOP\n"
            },
            "name": "nginx",
            "network_acceleration_type": "standard",
            "network_interface": [
              {
                "dns_record": [],
                "index": 0,
                "ip_address": "192.168.10.101",
                "ipv4": true,
                "ipv6": false,
                "ipv6_address": "",
                "ipv6_dns_record": [],
                "mac_address": "d0:0d:14:02:aa:91",
                "nat": true,
                "nat_dns_record": [],
                "nat_ip_address": "51.250.95.203",
                "nat_ip_version": "IPV4",
                "security_group_ids": [],
                "subnet_id": "e9bluh2blememkf64tkh"
              }
            ],
            "placement_policy": [
              {
                "host_affinity_rules": [],
                "placement_group_id": ""
              }
            ],
            "platform_id": "standard-v1",
            "resources": [
              {
                "core_fraction": 100,
                "cores": 2,
                "gpus": 0,
                "memory": 2
              }
            ],
            "scheduling_policy": [
              {
                "preemptible": false
              }
            ],
            "secondary_disk": [],
            "service_account_id": "",
            "status": "running",
            "timeouts": null,
            "zone": "ru-central1-a"
          },
          "sensitive_attributes": [],
          "private": "eyJlMmJmYjczMC1lY2FhLTExZTYtOGY4OC0zNDM2M2JjN2M0YzAiOnsiY3JlYXRlIjozMDAwMDAwMDAwMDAsImRlbGV0ZSI6MzAwMDAwMDAwMDAwLCJ1cGRhdGUiOjMwMDAwMDAwMDAwMH0sInNjaGVtYV92ZXJzaW9uIjoiMSJ9",
          "dependencies": [
            "yandex_vpc_network.network-1",
            "yandex_vpc_subnet.subnet-1"
          ]
        }
      ]
    },
    {
      "mode": "managed",
      "type": "yandex_compute_instance",
      "name": "vm-2",
      "provider": "provider[\"registry.terraform.io/yandex-cloud/yandex\"]",
      "instances": [
        {
          "schema_version": 1,
          "attributes": {
            "allow_recreate": null,
            "allow_stopping_for_update": null,
            "boot_disk": [
              {
                "auto_delete": true,
                "device_name": "fhmvpfv6nas94giqsf4s",
                "disk_id": "fhmvpfv6nas94giqsf4s",
                "initialize_params": [
                  {
                    "block_size": 4096,
                    "description": "",
                    "image_id": "fd81d2d9ifd50gmvc03g",
                    "name": "",
                    "size": 5,
                    "snapshot_id": "",
                    "type": "network-hdd"
                  }
                ],
                "mode": "READ_WRITE"
              }
            ],
            "created_at": "2022-07-10T02:53:33Z",
            "description": "",
            "folder_id": "b1gdhtt160mqltnn39nu",
            "fqdn": "fhm8uea9iu1prpln7nqf.auto.internal",
            "hostname": "fhm8uea9iu1prpln7nqf",
            "id": "fhm8uea9iu1prpln7nqf",
            "labels": null,
            "local_disk": [],
            "metadata": {
              "ssh-keys": "ubuntu:ssh-rsa AAAAB3NzaC1yc2EAAAADAQABAAABgQC/FUOU+m4iae8M0fyOWW/53ziQxpwGEb5LHTGhqlwTQgKvrtM7DmCbVIYFwRAZQuLLYslCe70kZe3aVKe4NsyqSrOwG30LeGjQBADqv8k0nu95oqoHRLXzvvFxyfmv8GJ1K14kibJm+4Pu2FXi+lDY3T9PpPtqolI6XZ7g9Lyuvo4qaBbydtiMlZHvJsVkv6bM+ekeFqSrDD/vSFYyFit5kFo8opg/AvJ7zHBc88fJ5GN8r29PMw35LiiU016R9YHo4+WNQIP53FZwLVGVtmY7PEXdaDo6TWd2qNlOri9kX6F+w14qkT7cadpTS0qL0i283siwXoybJiiVm7WgO+9Sm0wcpLs6mgBxJmNP9fy0hlRsf+K+MaCKQoPVKLrqNYg/EVJcyuGuctgK2g7ZPxsxPUV2tn8dRmgvU8YHh3BDop5V3I9hMATCYaVgycHlMnFpBeXgxofWdJr46KFbp8+yKrdR0kIeP3I/3C873uY4V55TvkXjwsR1BhM3/I44dcc= root@TOP\n"
            },
            "name": "mysql-master",
            "network_acceleration_type": "standard",
            "network_interface": [
              {
                "dns_record": [],
                "index": 0,
                "ip_address": "192.168.10.102",
                "ipv4": true,
                "ipv6": false,
                "ipv6_address": "",
                "ipv6_dns_record": [],
                "mac_address": "d0:0d:8f:39:49:97",
                "nat": false,
                "nat_dns_record": [],
                "nat_ip_address": "",
                "nat_ip_version": "",
                "security_group_ids": [],
                "subnet_id": "e9bluh2blememkf64tkh"
              }
            ],
            "placement_policy": [
              {
                "host_affinity_rules": [],
                "placement_group_id": ""
              }
            ],
            "platform_id": "standard-v1",
            "resources": [
              {
                "core_fraction": 100,
                "cores": 4,
                "gpus": 0,
                "memory": 4
              }
            ],
            "scheduling_policy": [
              {
                "preemptible": false
              }
            ],
            "secondary_disk": [],
            "service_account_id": "",
            "status": "running",
            "timeouts": null,
            "zone": "ru-central1-a"
          },
          "sensitive_attributes": [],
          "private": "eyJlMmJmYjczMC1lY2FhLTExZTYtOGY4OC0zNDM2M2JjN2M0YzAiOnsiY3JlYXRlIjozMDAwMDAwMDAwMDAsImRlbGV0ZSI6MzAwMDAwMDAwMDAwLCJ1cGRhdGUiOjMwMDAwMDAwMDAwMH0sInNjaGVtYV92ZXJzaW9uIjoiMSJ9",
          "dependencies": [
            "yandex_vpc_network.network-1",
            "yandex_vpc_subnet.subnet-1"
          ]
        }
      ]
    },
    {
      "mode": "managed",
      "type": "yandex_compute_instance",
      "name": "vm-3",
      "provider": "provider[\"registry.terraform.io/yandex-cloud/yandex\"]",
      "instances": [
        {
          "schema_version": 1,
          "attributes": {
            "allow_recreate": null,
            "allow_stopping_for_update": null,
            "boot_disk": [
              {
                "auto_delete": true,
                "device_name": "fhmlvlgvdqebkt0rnt7r",
                "disk_id": "fhmlvlgvdqebkt0rnt7r",
                "initialize_params": [
                  {
                    "block_size": 4096,
                    "description": "",
                    "image_id": "fd81d2d9ifd50gmvc03g",
                    "name": "",
                    "size": 5,
                    "snapshot_id": "",
                    "type": "network-hdd"
                  }
                ],
                "mode": "READ_WRITE"
              }
            ],
            "created_at": "2022-07-10T02:53:34Z",
            "description": "",
            "folder_id": "b1gdhtt160mqltnn39nu",
            "fqdn": "fhm5oeudlm1f67r4kpff.auto.internal",
            "hostname": "fhm5oeudlm1f67r4kpff",
            "id": "fhm5oeudlm1f67r4kpff",
            "labels": null,
            "local_disk": [],
            "metadata": {
              "ssh-keys": "ubuntu:ssh-rsa AAAAB3NzaC1yc2EAAAADAQABAAABgQC/FUOU+m4iae8M0fyOWW/53ziQxpwGEb5LHTGhqlwTQgKvrtM7DmCbVIYFwRAZQuLLYslCe70kZe3aVKe4NsyqSrOwG30LeGjQBADqv8k0nu95oqoHRLXzvvFxyfmv8GJ1K14kibJm+4Pu2FXi+lDY3T9PpPtqolI6XZ7g9Lyuvo4qaBbydtiMlZHvJsVkv6bM+ekeFqSrDD/vSFYyFit5kFo8opg/AvJ7zHBc88fJ5GN8r29PMw35LiiU016R9YHo4+WNQIP53FZwLVGVtmY7PEXdaDo6TWd2qNlOri9kX6F+w14qkT7cadpTS0qL0i283siwXoybJiiVm7WgO+9Sm0wcpLs6mgBxJmNP9fy0hlRsf+K+MaCKQoPVKLrqNYg/EVJcyuGuctgK2g7ZPxsxPUV2tn8dRmgvU8YHh3BDop5V3I9hMATCYaVgycHlMnFpBeXgxofWdJr46KFbp8+yKrdR0kIeP3I/3C873uY4V55TvkXjwsR1BhM3/I44dcc= root@TOP\n"
            },
            "name": "mysql-slave",
            "network_acceleration_type": "standard",
            "network_interface": [
              {
                "dns_record": [],
                "index": 0,
                "ip_address": "192.168.10.103",
                "ipv4": true,
                "ipv6": false,
                "ipv6_address": "",
                "ipv6_dns_record": [],
                "mac_address": "d0:0d:5c:3b:cd:ad",
                "nat": false,
                "nat_dns_record": [],
                "nat_ip_address": "",
                "nat_ip_version": "",
                "security_group_ids": [],
                "subnet_id": "e9bluh2blememkf64tkh"
              }
            ],
            "placement_policy": [
              {
                "host_affinity_rules": [],
                "placement_group_id": ""
              }
            ],
            "platform_id": "standard-v1",
            "resources": [
              {
                "core_fraction": 100,
                "cores": 4,
                "gpus": 0,
                "memory": 4
              }
            ],
            "scheduling_policy": [
              {
                "preemptible": false
              }
            ],
            "secondary_disk": [],
            "service_account_id": "",
            "status": "running",
            "timeouts": null,
            "zone": "ru-central1-a"
          },
          "sensitive_attributes": [],
          "private": "eyJlMmJmYjczMC1lY2FhLTExZTYtOGY4OC0zNDM2M2JjN2M0YzAiOnsiY3JlYXRlIjozMDAwMDAwMDAwMDAsImRlbGV0ZSI6MzAwMDAwMDAwMDAwLCJ1cGRhdGUiOjMwMDAwMDAwMDAwMH0sInNjaGVtYV92ZXJzaW9uIjoiMSJ9",
          "dependencies": [
            "yandex_vpc_network.network-1",
            "yandex_vpc_subnet.subnet-1"
          ]
        }
      ]
    },
    {
      "mode": "managed",
      "type": "yandex_compute_instance",
      "name": "vm-4",
      "provider": "provider[\"registry.terraform.io/yandex-cloud/yandex\"]",
      "instances": [
        {
          "schema_version": 1,
          "attributes": {
            "allow_recreate": null,
            "allow_stopping_for_update": null,
            "boot_disk": [
              {
                "auto_delete": true,
                "device_name": "fhmbb9eh6dlfcnqbmb71",
                "disk_id": "fhmbb9eh6dlfcnqbmb71",
                "initialize_params": [
                  {
                    "block_size": 4096,
                    "description": "",
                    "image_id": "fd81d2d9ifd50gmvc03g",
                    "name": "",
                    "size": 5,
                    "snapshot_id": "",
                    "type": "network-hdd"
                  }
                ],
                "mode": "READ_WRITE"
              }
            ],
            "created_at": "2022-07-10T02:53:34Z",
            "description": "",
            "folder_id": "b1gdhtt160mqltnn39nu",
            "fqdn": "fhm2lsp05sfbrbpfsib8.auto.internal",
            "hostname": "fhm2lsp05sfbrbpfsib8",
            "id": "fhm2lsp05sfbrbpfsib8",
            "labels": null,
            "local_disk": [],
            "metadata": {
              "ssh-keys": "ubuntu:ssh-rsa AAAAB3NzaC1yc2EAAAADAQABAAABgQC/FUOU+m4iae8M0fyOWW/53ziQxpwGEb5LHTGhqlwTQgKvrtM7DmCbVIYFwRAZQuLLYslCe70kZe3aVKe4NsyqSrOwG30LeGjQBADqv8k0nu95oqoHRLXzvvFxyfmv8GJ1K14kibJm+4Pu2FXi+lDY3T9PpPtqolI6XZ7g9Lyuvo4qaBbydtiMlZHvJsVkv6bM+ekeFqSrDD/vSFYyFit5kFo8opg/AvJ7zHBc88fJ5GN8r29PMw35LiiU016R9YHo4+WNQIP53FZwLVGVtmY7PEXdaDo6TWd2qNlOri9kX6F+w14qkT7cadpTS0qL0i283siwXoybJiiVm7WgO+9Sm0wcpLs6mgBxJmNP9fy0hlRsf+K+MaCKQoPVKLrqNYg/EVJcyuGuctgK2g7ZPxsxPUV2tn8dRmgvU8YHh3BDop5V3I9hMATCYaVgycHlMnFpBeXgxofWdJr46KFbp8+yKrdR0kIeP3I/3C873uY4V55TvkXjwsR1BhM3/I44dcc= root@TOP\n"
            },
            "name": "wordpress",
            "network_acceleration_type": "standard",
            "network_interface": [
              {
                "dns_record": [],
                "index": 0,
                "ip_address": "192.168.10.104",
                "ipv4": true,
                "ipv6": false,
                "ipv6_address": "",
                "ipv6_dns_record": [],
                "mac_address": "d0:0d:2a:f3:20:2f",
                "nat": false,
                "nat_dns_record": [],
                "nat_ip_address": "",
                "nat_ip_version": "",
                "security_group_ids": [],
                "subnet_id": "e9bluh2blememkf64tkh"
              }
            ],
            "placement_policy": [
              {
                "host_affinity_rules": [],
                "placement_group_id": ""
              }
            ],
            "platform_id": "standard-v1",
            "resources": [
              {
                "core_fraction": 100,
                "cores": 4,
                "gpus": 0,
                "memory": 4
              }
            ],
            "scheduling_policy": [
              {
                "preemptible": false
              }
            ],
            "secondary_disk": [],
            "service_account_id": "",
            "status": "running",
            "timeouts": null,
            "zone": "ru-central1-a"
          },
          "sensitive_attributes": [],
          "private": "eyJlMmJmYjczMC1lY2FhLTExZTYtOGY4OC0zNDM2M2JjN2M0YzAiOnsiY3JlYXRlIjozMDAwMDAwMDAwMDAsImRlbGV0ZSI6MzAwMDAwMDAwMDAwLCJ1cGRhdGUiOjMwMDAwMDAwMDAwMH0sInNjaGVtYV92ZXJzaW9uIjoiMSJ9",
          "dependencies": [
            "yandex_vpc_network.network-1",
            "yandex_vpc_subnet.subnet-1"
          ]
        }
      ]
    },
    {
      "mode": "managed",
      "type": "yandex_compute_instance",
      "name": "vm-5",
      "provider": "provider[\"registry.terraform.io/yandex-cloud/yandex\"]",
      "instances": [
        {
          "schema_version": 1,
          "attributes": {
            "allow_recreate": null,
            "allow_stopping_for_update": null,
            "boot_disk": [
              {
                "auto_delete": true,
                "device_name": "fhm77islmqpbhaiuoekh",
                "disk_id": "fhm77islmqpbhaiuoekh",
                "initialize_params": [
                  {
                    "block_size": 4096,
                    "description": "",
                    "image_id": "fd81d2d9ifd50gmvc03g",
                    "name": "",
                    "size": 8,
                    "snapshot_id": "",
                    "type": "network-hdd"
                  }
                ],
                "mode": "READ_WRITE"
              }
            ],
            "created_at": "2022-07-10T02:53:33Z",
            "description": "",
            "folder_id": "b1gdhtt160mqltnn39nu",
            "fqdn": "fhmb6nanoqrafqsj10ol.auto.internal",
            "hostname": "fhmb6nanoqrafqsj10ol",
            "id": "fhmb6nanoqrafqsj10ol",
            "labels": null,
            "local_disk": [],
            "metadata": {
              "ssh-keys": "ubuntu:ssh-rsa AAAAB3NzaC1yc2EAAAADAQABAAABgQC/FUOU+m4iae8M0fyOWW/53ziQxpwGEb5LHTGhqlwTQgKvrtM7DmCbVIYFwRAZQuLLYslCe70kZe3aVKe4NsyqSrOwG30LeGjQBADqv8k0nu95oqoHRLXzvvFxyfmv8GJ1K14kibJm+4Pu2FXi+lDY3T9PpPtqolI6XZ7g9Lyuvo4qaBbydtiMlZHvJsVkv6bM+ekeFqSrDD/vSFYyFit5kFo8opg/AvJ7zHBc88fJ5GN8r29PMw35LiiU016R9YHo4+WNQIP53FZwLVGVtmY7PEXdaDo6TWd2qNlOri9kX6F+w14qkT7cadpTS0qL0i283siwXoybJiiVm7WgO+9Sm0wcpLs6mgBxJmNP9fy0hlRsf+K+MaCKQoPVKLrqNYg/EVJcyuGuctgK2g7ZPxsxPUV2tn8dRmgvU8YHh3BDop5V3I9hMATCYaVgycHlMnFpBeXgxofWdJr46KFbp8+yKrdR0kIeP3I/3C873uY4V55TvkXjwsR1BhM3/I44dcc= root@TOP\n"
            },
            "name": "gitlab",
            "network_acceleration_type": "standard",
            "network_interface": [
              {
                "dns_record": [],
                "index": 0,
                "ip_address": "192.168.10.105",
                "ipv4": true,
                "ipv6": false,
                "ipv6_address": "",
                "ipv6_dns_record": [],
                "mac_address": "d0:0d:b3:5d:57:c6",
                "nat": false,
                "nat_dns_record": [],
                "nat_ip_address": "",
                "nat_ip_version": "",
                "security_group_ids": [],
                "subnet_id": "e9bluh2blememkf64tkh"
              }
            ],
            "placement_policy": [
              {
                "host_affinity_rules": [],
                "placement_group_id": ""
              }
            ],
            "platform_id": "standard-v1",
            "resources": [
              {
                "core_fraction": 100,
                "cores": 4,
                "gpus": 0,
                "memory": 4
              }
            ],
            "scheduling_policy": [
              {
                "preemptible": false
              }
            ],
            "secondary_disk": [],
            "service_account_id": "",
            "status": "running",
            "timeouts": null,
            "zone": "ru-central1-a"
          },
          "sensitive_attributes": [],
          "private": "eyJlMmJmYjczMC1lY2FhLTExZTYtOGY4OC0zNDM2M2JjN2M0YzAiOnsiY3JlYXRlIjozMDAwMDAwMDAwMDAsImRlbGV0ZSI6MzAwMDAwMDAwMDAwLCJ1cGRhdGUiOjMwMDAwMDAwMDAwMH0sInNjaGVtYV92ZXJzaW9uIjoiMSJ9",
          "dependencies": [
            "yandex_vpc_network.network-1",
            "yandex_vpc_subnet.subnet-1"
          ]
        }
      ]
    },
    {
      "mode": "managed",
      "type": "yandex_compute_instance",
      "name": "vm-6",
      "provider": "provider[\"registry.terraform.io/yandex-cloud/yandex\"]",
      "instances": [
        {
          "schema_version": 1,
          "attributes": {
            "allow_recreate": null,
            "allow_stopping_for_update": null,
            "boot_disk": [
              {
                "auto_delete": true,
                "device_name": "fhm5u6laga2ge2u0n2h5",
                "disk_id": "fhm5u6laga2ge2u0n2h5",
                "initialize_params": [
                  {
                    "block_size": 4096,
                    "description": "",
                    "image_id": "fd81d2d9ifd50gmvc03g",
                    "name": "",
                    "size": 5,
                    "snapshot_id": "",
                    "type": "network-hdd"
                  }
                ],
                "mode": "READ_WRITE"
              }
            ],
            "created_at": "2022-07-10T02:53:34Z",
            "description": "",
            "folder_id": "b1gdhtt160mqltnn39nu",
            "fqdn": "fhmaisessfk0okc0ari9.auto.internal",
            "hostname": "fhmaisessfk0okc0ari9",
            "id": "fhmaisessfk0okc0ari9",
            "labels": null,
            "local_disk": [],
            "metadata": {
              "ssh-keys": "ubuntu:ssh-rsa AAAAB3NzaC1yc2EAAAADAQABAAABgQC/FUOU+m4iae8M0fyOWW/53ziQxpwGEb5LHTGhqlwTQgKvrtM7DmCbVIYFwRAZQuLLYslCe70kZe3aVKe4NsyqSrOwG30LeGjQBADqv8k0nu95oqoHRLXzvvFxyfmv8GJ1K14kibJm+4Pu2FXi+lDY3T9PpPtqolI6XZ7g9Lyuvo4qaBbydtiMlZHvJsVkv6bM+ekeFqSrDD/vSFYyFit5kFo8opg/AvJ7zHBc88fJ5GN8r29PMw35LiiU016R9YHo4+WNQIP53FZwLVGVtmY7PEXdaDo6TWd2qNlOri9kX6F+w14qkT7cadpTS0qL0i283siwXoybJiiVm7WgO+9Sm0wcpLs6mgBxJmNP9fy0hlRsf+K+MaCKQoPVKLrqNYg/EVJcyuGuctgK2g7ZPxsxPUV2tn8dRmgvU8YHh3BDop5V3I9hMATCYaVgycHlMnFpBeXgxofWdJr46KFbp8+yKrdR0kIeP3I/3C873uY4V55TvkXjwsR1BhM3/I44dcc= root@TOP\n"
            },
            "name": "runner",
            "network_acceleration_type": "standard",
            "network_interface": [
              {
                "dns_record": [],
                "index": 0,
                "ip_address": "192.168.10.106",
                "ipv4": true,
                "ipv6": false,
                "ipv6_address": "",
                "ipv6_dns_record": [],
                "mac_address": "d0:0d:a9:71:dc:e3",
                "nat": false,
                "nat_dns_record": [],
                "nat_ip_address": "",
                "nat_ip_version": "",
                "security_group_ids": [],
                "subnet_id": "e9bluh2blememkf64tkh"
              }
            ],
            "placement_policy": [
              {
                "host_affinity_rules": [],
                "placement_group_id": ""
              }
            ],
            "platform_id": "standard-v1",
            "resources": [
              {
                "core_fraction": 100,
                "cores": 4,
                "gpus": 0,
                "memory": 4
              }
            ],
            "scheduling_policy": [
              {
                "preemptible": false
              }
            ],
            "secondary_disk": [],
            "service_account_id": "",
            "status": "running",
            "timeouts": null,
            "zone": "ru-central1-a"
          },
          "sensitive_attributes": [],
          "private": "eyJlMmJmYjczMC1lY2FhLTExZTYtOGY4OC0zNDM2M2JjN2M0YzAiOnsiY3JlYXRlIjozMDAwMDAwMDAwMDAsImRlbGV0ZSI6MzAwMDAwMDAwMDAwLCJ1cGRhdGUiOjMwMDAwMDAwMDAwMH0sInNjaGVtYV92ZXJzaW9uIjoiMSJ9",
          "dependencies": [
            "yandex_vpc_network.network-1",
            "yandex_vpc_subnet.subnet-1"
          ]
        }
      ]
    },
    {
      "mode": "managed",
      "type": "yandex_compute_instance",
      "name": "vm-7",
      "provider": "provider[\"registry.terraform.io/yandex-cloud/yandex\"]",
      "instances": [
        {
          "schema_version": 1,
          "attributes": {
            "allow_recreate": null,
            "allow_stopping_for_update": null,
            "boot_disk": [
              {
                "auto_delete": true,
                "device_name": "fhmuueiclo9plp3m4rop",
                "disk_id": "fhmuueiclo9plp3m4rop",
                "initialize_params": [
                  {
                    "block_size": 4096,
                    "description": "",
                    "image_id": "fd81d2d9ifd50gmvc03g",
                    "name": "",
                    "size": 5,
                    "snapshot_id": "",
                    "type": "network-hdd"
                  }
                ],
                "mode": "READ_WRITE"
              }
            ],
            "created_at": "2022-07-10T02:53:33Z",
            "description": "",
            "folder_id": "b1gdhtt160mqltnn39nu",
            "fqdn": "fhmr2faiptad0sp33igu.auto.internal",
            "hostname": "fhmr2faiptad0sp33igu",
            "id": "fhmr2faiptad0sp33igu",
            "labels": null,
            "local_disk": [],
            "metadata": {
              "ssh-keys": "ubuntu:ssh-rsa AAAAB3NzaC1yc2EAAAADAQABAAABgQC/FUOU+m4iae8M0fyOWW/53ziQxpwGEb5LHTGhqlwTQgKvrtM7DmCbVIYFwRAZQuLLYslCe70kZe3aVKe4NsyqSrOwG30LeGjQBADqv8k0nu95oqoHRLXzvvFxyfmv8GJ1K14kibJm+4Pu2FXi+lDY3T9PpPtqolI6XZ7g9Lyuvo4qaBbydtiMlZHvJsVkv6bM+ekeFqSrDD/vSFYyFit5kFo8opg/AvJ7zHBc88fJ5GN8r29PMw35LiiU016R9YHo4+WNQIP53FZwLVGVtmY7PEXdaDo6TWd2qNlOri9kX6F+w14qkT7cadpTS0qL0i283siwXoybJiiVm7WgO+9Sm0wcpLs6mgBxJmNP9fy0hlRsf+K+MaCKQoPVKLrqNYg/EVJcyuGuctgK2g7ZPxsxPUV2tn8dRmgvU8YHh3BDop5V3I9hMATCYaVgycHlMnFpBeXgxofWdJr46KFbp8+yKrdR0kIeP3I/3C873uY4V55TvkXjwsR1BhM3/I44dcc= root@TOP\n"
            },
            "name": "grafana",
            "network_acceleration_type": "standard",
            "network_interface": [
              {
                "dns_record": [],
                "index": 0,
                "ip_address": "192.168.10.107",
                "ipv4": true,
                "ipv6": false,
                "ipv6_address": "",
                "ipv6_dns_record": [],
                "mac_address": "d0:0d:1b:13:d5:2c",
                "nat": false,
                "nat_dns_record": [],
                "nat_ip_address": "",
                "nat_ip_version": "",
                "security_group_ids": [],
                "subnet_id": "e9bluh2blememkf64tkh"
              }
            ],
            "placement_policy": [
              {
                "host_affinity_rules": [],
                "placement_group_id": ""
              }
            ],
            "platform_id": "standard-v1",
            "resources": [
              {
                "core_fraction": 100,
                "cores": 4,
                "gpus": 0,
                "memory": 4
              }
            ],
            "scheduling_policy": [
              {
                "preemptible": false
              }
            ],
            "secondary_disk": [],
            "service_account_id": "",
            "status": "running",
            "timeouts": null,
            "zone": "ru-central1-a"
          },
          "sensitive_attributes": [],
          "private": "eyJlMmJmYjczMC1lY2FhLTExZTYtOGY4OC0zNDM2M2JjN2M0YzAiOnsiY3JlYXRlIjozMDAwMDAwMDAwMDAsImRlbGV0ZSI6MzAwMDAwMDAwMDAwLCJ1cGRhdGUiOjMwMDAwMDAwMDAwMH0sInNjaGVtYV92ZXJzaW9uIjoiMSJ9",
          "dependencies": [
            "yandex_vpc_network.network-1",
            "yandex_vpc_subnet.subnet-1"
          ]
        }
      ]
    },
    {
      "mode": "managed",
      "type": "yandex_vpc_network",
      "name": "network-1",
      "provider": "provider[\"registry.terraform.io/yandex-cloud/yandex\"]",
      "instances": [
        {
          "schema_version": 0,
          "attributes": {
            "created_at": "2022-07-10T02:53:31Z",
            "default_security_group_id": "",
            "description": "",
            "folder_id": "b1gdhtt160mqltnn39nu",
            "id": "enpitsl45rm1sc3lumm8",
            "labels": {},
            "name": "network1",
            "subnet_ids": [],
            "timeouts": null
          },
          "sensitive_attributes": [],
          "private": "eyJlMmJmYjczMC1lY2FhLTExZTYtOGY4OC0zNDM2M2JjN2M0YzAiOnsiY3JlYXRlIjo2MDAwMDAwMDAwMCwiZGVsZXRlIjo2MDAwMDAwMDAwMCwidXBkYXRlIjo2MDAwMDAwMDAwMH19"
        }
      ]
    },
    {
      "mode": "managed",
      "type": "yandex_vpc_subnet",
      "name": "subnet-1",
      "provider": "provider[\"registry.terraform.io/yandex-cloud/yandex\"]",
      "instances": [
        {
          "schema_version": 0,
          "attributes": {
            "created_at": "2022-07-10T02:53:32Z",
            "description": "",
            "dhcp_options": [],
            "folder_id": "b1gdhtt160mqltnn39nu",
            "id": "e9bluh2blememkf64tkh",
            "labels": {},
            "name": "subnet1",
            "network_id": "enpitsl45rm1sc3lumm8",
            "route_table_id": "",
            "timeouts": null,
            "v4_cidr_blocks": [
              "192.168.10.0/24"
            ],
            "v6_cidr_blocks": [],
            "zone": "ru-central1-a"
          },
          "sensitive_attributes": [],
          "private": "eyJlMmJmYjczMC1lY2FhLTExZTYtOGY4OC0zNDM2M2JjN2M0YzAiOnsiY3JlYXRlIjoxODAwMDAwMDAwMDAsImRlbGV0ZSI6MTgwMDAwMDAwMDAwLCJ1cGRhdGUiOjE4MDAwMDAwMDAwMH19",
          "dependencies": [
            "yandex_vpc_network.network-1"
          ]
        }
      ]
    }
  ]
}
